
Microsoft Visual Studio Solution File, Format Version 12.00
# Visual Studio Version 16
VisualStudioVersion = 16.0.28803.156
MinimumVisualStudioVersion = 10.0.40219.1
Project("{9092AA53-FB77-4645-B42D-1CCCA6BD08BD}") = "Notes", "Notes\Notes.njsproj", "{F7DA4645-01CE-47D9-B389-11EDA7ED4060}"
EndProject
Global
	GlobalSection(SolutionConfigurationPlatforms) = preSolution
		Debug|Any CPU = Debug|Any CPU
		Release|Any CPU = Release|Any CPU
	EndGlobalSection
	GlobalSection(ProjectConfigurationPlatforms) = postSolution
		{F7DA4645-01CE-47D9-B389-11EDA7ED4060}.Debug|Any CPU.ActiveCfg = Debug|Any CPU
		{F7DA4645-01CE-47D9-B389-11EDA7ED4060}.Debug|Any CPU.Build.0 = Debug|Any CPU
		{F7DA4645-01CE-47D9-B389-11EDA7ED4060}.Release|Any CPU.ActiveCfg = Release|Any CPU
		{F7DA4645-01CE-47D9-B389-11EDA7ED4060}.Release|Any CPU.Build.0 = Release|Any CPU
	EndGlobalSection
	GlobalSection(SolutionProperties) = preSolution
		HideSolutionNode = FALSE
	EndGlobalSection
	GlobalSection(ExtensibilityGlobals) = postSolution
		SolutionGuid = {03EE181C-6014-4B94-8D15-A1B726392844}
	EndGlobalSection
EndGlobal
